{
  "nodes": {
    "flake-utils": {
      "inputs": {
        "systems": "systems"
      },
      "locked": {
        "lastModified": 1731533236,
        "narHash": "sha256-l0KFg5HjrsfsO/JpG+r7fRrqm12kzFHyUHqHCVpMMbI=",
        "owner": "numtide",
        "repo": "flake-utils",
        "rev": "11707dc2f618dd54ca8739b309ec4fc024de578b",
        "type": "github"
      },
      "original": {
        "owner": "numtide",
        "repo": "flake-utils",
        "type": "github"
      }
    },
    "nixpkgs": {
      "locked": {
        "lastModified": 1766014764,
        "narHash": "sha256-+73VffE5GP5fvbib6Hs1Su6LehG+9UV1Kzs90T2gBLA=",
        "owner": "nixos",
        "repo": "nixpkgs",
        "rev": "2b0d2b456e4e8452cf1c16d00118d145f31160f9",
        "type": "github"
      },
      "original": {
        "owner": "nixos",
        "ref": "2b0d2b456e4e8452cf1c16d00118d145f31160f9",
        "repo": "nixpkgs",
        "type": "github"
      }
    },
    "nixpkgs-polars": {
      "locked": {
        "lastModified": 1751800441,
        "narHash": "sha256-4wwT0hH8Dd40SbAOkp5OWgCAQasGOl+H804ZXAWPBLo=",
        "owner": "nixos",
        "repo": "nixpkgs",
        "rev": "55b0d38442aac04f892f03b6a53cd9bb4c6cfc1c",
        "type": "github"
      },
      "original": {
        "owner": "nixos",
        "ref": "55b0d38442aac04f892f03b6a53cd9bb4c6cfc1c",
        "repo": "nixpkgs",
        "type": "github"
      }
    },
    "nixpkgs-tmux": {
      "locked": {
        "lastModified": 1661613556,
        "narHash": "sha256-0Rj8jLEiiGVdfxjSwdipD4vuF+nG2iqPeeEMVq/ME78=",
        "owner": "nixos",
        "repo": "nixpkgs",
        "rev": "bf7d05e64d1172ad9356b87bc8c2a643f600e1f0",
        "type": "github"
      },
      "original": {
        "owner": "nixos",
        "ref": "bf7d05e64d1172ad9356b87bc8c2a643f600e1f0",
        "repo": "nixpkgs",
        "type": "github"
      }
    },
    "root": {
      "inputs": {
        "flake-utils": "flake-utils",
        "nixpkgs": "nixpkgs",
        "nixpkgs-polars": "nixpkgs-polars",
        "nixpkgs-tmux": "nixpkgs-tmux"
      }
    },
    "systems": {
      "locked": {
        "lastModified": 1681028828,
        "narHash": "sha256-Vy1rq5AaRuLzOxct8nz4T6wlgyUR7zLU309k9mBC768=",
        "owner": "nix-systems",
        "repo": "default",
        "rev": "da67096a3b9bf56a91d16901293e51ba5b49a27e",
        "type": "github"
      },
      "original": {
        "owner": "nix-systems",
        "repo": "default",
        "type": "github"
      }
    }
  },
  "root": "root",
  "version": 7
}
